{
  "name": "omnigent-harness-claude",
  "version": "0.0.0",
  "lockfileVersion": 3,
  "requires": true,
  "packages": {
    "": {
      "name": "omnigent-harness-claude",
      "version": "0.0.0",
      "dependencies": {
        "@anthropic-ai/claude-code": "2.1.266"
      }
    },
    "node_modules/@anthropic-ai/claude-code": {
      "version": "2.1.266",
      "resolved": "https://registry.npmjs.org/@anthropic-ai/claude-code/-/claude-code-2.1.266.tgz",
      "integrity": "sha512-zaEL5S5twZgQzmF1b/SBMSOllwMrJiqHXTd25ZWwaZRKr1jUKy4jGTPR/uMLYWsuv9Az1neiaWGLJu93lPYO8w==",
      "hasInstallScript": true,
      "license": "SEE LICENSE IN README.md",
      "bin": {
        "claude": "bin/claude.exe"
      },
      "engines": {
        "node": ">=22.0.0"
      },
      "optionalDependencies": {
        "@anthropic-ai/claude-code-darwin-arm64": "2.1.266",
        "@anthropic-ai/claude-code-darwin-x64": "2.1.266",
        "@anthropic-ai/claude-code-linux-arm64": "2.1.266",
        "@anthropic-ai/claude-code-linux-arm64-musl": "2.1.266",
        "@anthropic-ai/claude-code-linux-x64": "2.1.266",
        "@anthropic-ai/claude-code-linux-x64-musl": "2.1.266",
        "@anthropic-ai/claude-code-win32-arm64": "2.1.266",
        "@anthropic-ai/claude-code-win32-x64": "2.1.266"
      }
    },
    "node_modules/@anthropic-ai/claude-code-darwin-arm64": {
      "version": "2.1.266",
      "resolved": "https://registry.npmjs.org/@anthropic-ai/claude-code-darwin-arm64/-/claude-code-darwin-arm64-2.1.266.tgz",
      "integrity": "sha512-VXuQWllJBff2h5b4tzHpv3vLksXGiSFhCGRd6Mpk09T3/xqZIY1supoK04xMtAY4HobeAIyIjINosT0Jl6Yq8w==",
      "cpu": [
        "arm64"
      ],
      "license": "SEE LICENSE IN LICENSE.md",
      "optional": true,
      "os": [
        "darwin"
      ]
    },
    "node_modules/@anthropic-ai/claude-code-darwin-x64": {
      "version": "2.1.266",
      "resolved": "https://registry.npmjs.org/@anthropic-ai/claude-code-darwin-x64/-/claude-code-darwin-x64-2.1.266.tgz",
      "integrity": "sha512-zcVMxGk3pp6Vo6rWolgXXV2fXoPFUYvVazfHeDejglOuSsgmCpGVVBSKSjSSM6ufa1cvb3XiqJ3HH3OjXet6pg==",
      "cpu": [
        "x64"
      ],
      "license": "SEE LICENSE IN LICENSE.md",
      "optional": true,
      "os": [
        "darwin"
      ]
    },
    "node_modules/@anthropic-ai/claude-code-linux-arm64": {
      "version": "2.1.266",
      "resolved": "https://registry.npmjs.org/@anthropic-ai/claude-code-linux-arm64/-/claude-code-linux-arm64-2.1.266.tgz",
      "integrity": "sha512-qnyuPH1dooHNt8KREs7GLNbzvYLHmh3VQYAlvWoQPg09CxdVwBDwos8S+dap03PHv07lPUhrCqliKOV6fIs69w==",
      "cpu": [
        "arm64"
      ],
      "license": "SEE LICENSE IN LICENSE.md",
      "optional": true,
      "os": [
        "linux"
      ]
    },
    "node_modules/@anthropic-ai/claude-code-linux-arm64-musl": {
      "version": "2.1.266",
      "resolved": "https://registry.npmjs.org/@anthropic-ai/claude-code-linux-arm64-musl/-/claude-code-linux-arm64-musl-2.1.266.tgz",
      "integrity": "sha512-PiekRUTXD28N8Q7LYiabX7C51oevy1GpGrVNGx61KgKMi6eV4adyEm6iN3IWQhLDzi0Nkbpct81M0fAdDuiNdg==",
      "cpu": [
        "arm64"
      ],
      "license": "SEE LICENSE IN LICENSE.md",
      "optional": true,
      "os": [
        "linux"
      ]
    },
    "node_modules/@anthropic-ai/claude-code-linux-x64": {
      "version": "2.1.266",
      "resolved": "https://registry.npmjs.org/@anthropic-ai/claude-code-linux-x64/-/claude-code-linux-x64-2.1.266.tgz",
      "integrity": "sha512-0YW7k2gyjCKfoNNMn+h9LVOKbZi/XVie2BBLGcoahXtRmWIXNuhazEd0BdvXDbcUc7mi9A2Nwq/TWD/riwO6oA==",
      "cpu": [
        "x64"
      ],
      "license": "SEE LICENSE IN LICENSE.md",
      "optional": true,
      "os": [
        "linux"
      ]
    },
    "node_modules/@anthropic-ai/claude-code-linux-x64-musl": {
      "version": "2.1.266",
      "resolved": "https://registry.npmjs.org/@anthropic-ai/claude-code-linux-x64-musl/-/claude-code-linux-x64-musl-2.1.266.tgz",
      "integrity": "sha512-4nW3qLWw2iy/Qjyjt5+N+nofkySQkN2c/VQfowyadrbg/yEgX2A1JQJXB106of+zt2dTTpM5Qy/Ai7IJ9MJJ/Q==",
      "cpu": [
        "x64"
      ],
      "license": "SEE LICENSE IN LICENSE.md",
      "optional": true,
      "os": [
        "linux"
      ]
    },
    "node_modules/@anthropic-ai/claude-code-win32-arm64": {
      "version": "2.1.266",
      "resolved": "https://registry.npmjs.org/@anthropic-ai/claude-code-win32-arm64/-/claude-code-win32-arm64-2.1.266.tgz",
      "integrity": "sha512-LFbmYdnhWU4BCnEImXShkw76kyIMPOfgzwW1N4uPac4x6gvnk+9Wd8no6JyfBGPPej69/bu8Pgp09VMDML2ikg==",
      "cpu": [
        "arm64"
      ],
      "license": "SEE LICENSE IN LICENSE.md",
      "optional": true,
      "os": [
        "win32"
      ]
    },
    "node_modules/@anthropic-ai/claude-code-win32-x64": {
      "version": "2.1.266",
      "resolved": "https://registry.npmjs.org/@anthropic-ai/claude-code-win32-x64/-/claude-code-win32-x64-2.1.266.tgz",
      "integrity": "sha512-C+5K9u62OLUQ2fW6P6Dpr3ojema4AxEeTdlLubXgh4QTTyQNkHOVbzSNCLoQow2WHBqZNIfIJJAizA+pwM8SPQ==",
      "cpu": [
        "x64"
      ],
      "license": "SEE LICENSE IN LICENSE.md",
      "optional": true,
      "os": [
        "win32"
      ]
    }
  }
}
